
Microsoft Visual Studio Solution File, Format Version 12.00
# Visual Studio Version 16
VisualStudioVersion = 16.0.32126.315
MinimumVisualStudioVersion = 10.0.40219.1
Project("{9A19103F-16F7-4668-BE54-9A1E7A4F7556}") = "Scopes", "Scopes.csproj", "{A56DF514-49D8-4372-843D-FB5FFAB38DCA}"
EndProject
Global
	GlobalSection(SolutionConfigurationPlatforms) = preSolution
		Debug|Any CPU = Debug|Any CPU
		Release|Any CPU = Release|Any CPU
	EndGlobalSection
	GlobalSection(ProjectConfigurationPlatforms) = postSolution
		{A56DF514-49D8-4372-843D-FB5FFAB38DCA}.Debug|Any CPU.ActiveCfg = Debug|Any CPU
		{A56DF514-49D8-4372-843D-FB5FFAB38DCA}.Debug|Any CPU.Build.0 = Debug|Any CPU
		{A56DF514-49D8-4372-843D-FB5FFAB38DCA}.Release|Any CPU.ActiveCfg = Release|Any CPU
		{A56DF514-49D8-4372-843D-FB5FFAB38DCA}.Release|Any CPU.Build.0 = Release|Any CPU
	EndGlobalSection
	GlobalSection(SolutionProperties) = preSolution
		HideSolutionNode = FALSE
	EndGlobalSection
	GlobalSection(ExtensibilityGlobals) = postSolution
		SolutionGuid = {9458E910-AC9D-4AAD-B2A3-BCC24767A8B3}
	EndGlobalSection
EndGlobal
